
Microsoft Visual Studio Solution File, Format Version 12.00
# Visual Studio Version 17
VisualStudioVersion = 17.0.31903.59
MinimumVisualStudioVersion = 10.0.40219.1
Project("{2150E333-8FDC-42A3-9474-1A3956D46DE8}") = "src", "src", "{827E0CD3-B72D-47B6-A68D-7590B98EB39B}"
EndProject
Project("{FAE04EC0-301F-11D3-BF4B-00C04F79EFBC}") = "HCEP.Core", "src\HCEP.Core\HCEP.Core.csproj", "{5A832347-F06F-44D6-A14D-A244D73E76AB}"
EndProject
Project("{FAE04EC0-301F-11D3-BF4B-00C04F79EFBC}") = "HCEP.Kinect", "src\HCEP.Kinect\HCEP.Kinect.csproj", "{C369729C-EC7F-44DD-8E69-72CE24D9DE97}"
EndProject
Project("{FAE04EC0-301F-11D3-BF4B-00C04F79EFBC}") = "HCEP.Vision", "src\HCEP.Vision\HCEP.Vision.csproj", "{834FC204-5ED6-44A1-BC7E-42A250B1177A}"
EndProject
Project("{FAE04EC0-301F-11D3-BF4B-00C04F79EFBC}") = "HCEP.Audio", "src\HCEP.Audio\HCEP.Audio.csproj", "{93DF631E-9465-4052-9494-B137F6DE545F}"
EndProject
Project("{FAE04EC0-301F-11D3-BF4B-00C04F79EFBC}") = "HCEP.Spatial", "src\HCEP.Spatial\HCEP.Spatial.csproj", "{14619AFA-E26D-4EE3-AA96-F033EE22D3B6}"
EndProject
Project("{FAE04EC0-301F-11D3-BF4B-00C04F79EFBC}") = "HCEP.Intelligence", "src\HCEP.Intelligence\HCEP.Intelligence.csproj", "{C9F276AD-76AF-4E45-BE4B-2117773B88A3}"
EndProject
Project("{FAE04EC0-301F-11D3-BF4B-00C04F79EFBC}") = "HCEP.Knowledge", "src\HCEP.Knowledge\HCEP.Knowledge.csproj", "{33E5CCA3-2742-46FE-8CC4-8E9F02EE027F}"
EndProject
Project("{FAE04EC0-301F-11D3-BF4B-00C04F79EFBC}") = "HCEP.Telemetry", "src\HCEP.Telemetry\HCEP.Telemetry.csproj", "{BF7973D9-B212-42C1-B8BC-6A101D265013}"
EndProject
Project("{FAE04EC0-301F-11D3-BF4B-00C04F79EFBC}") = "HCEP.App", "src\HCEP.App\HCEP.App.csproj", "{A9FAB8D1-3D88-484A-BAE7-157AFAC52D4F}"
EndProject
Project("{2150E333-8FDC-42A3-9474-1A3956D46DE8}") = "tests", "tests", "{0AB3BF05-4346-4AA6-1389-037BE0695223}"
EndProject
Project("{FAE04EC0-301F-11D3-BF4B-00C04F79EFBC}") = "HCEP.Tests", "tests\HCEP.Tests\HCEP.Tests.csproj", "{D3D77432-C4B4-40BD-BFF2-FFC3572006AC}"
EndProject
Project("{FAE04EC0-301F-11D3-BF4B-00C04F79EFBC}") = "HCEP.Kinect.Bridge", "src\HCEP.Kinect.Bridge\HCEP.Kinect.Bridge.csproj", "{23F94A6F-E870-410B-84B3-008E0B58DA17}"
EndProject
Global
	GlobalSection(SolutionConfigurationPlatforms) = preSolution
		Debug|Any CPU = Debug|Any CPU
		Debug|x64 = Debug|x64
		Debug|x86 = Debug|x86
		Release|Any CPU = Release|Any CPU
		Release|x64 = Release|x64
		Release|x86 = Release|x86
	EndGlobalSection
	GlobalSection(ProjectConfigurationPlatforms) = postSolution
		{5A832347-F06F-44D6-A14D-A244D73E76AB}.Debug|Any CPU.ActiveCfg = Debug|Any CPU
		{5A832347-F06F-44D6-A14D-A244D73E76AB}.Debug|Any CPU.Build.0 = Debug|Any CPU
		{5A832347-F06F-44D6-A14D-A244D73E76AB}.Debug|x64.ActiveCfg = Debug|Any CPU
		{5A832347-F06F-44D6-A14D-A244D73E76AB}.Debug|x64.Build.0 = Debug|Any CPU
		{5A832347-F06F-44D6-A14D-A244D73E76AB}.Debug|x86.ActiveCfg = Debug|Any CPU
		{5A832347-F06F-44D6-A14D-A244D73E76AB}.Debug|x86.Build.0 = Debug|Any CPU
		{5A832347-F06F-44D6-A14D-A244D73E76AB}.Release|Any CPU.ActiveCfg = Release|Any CPU
		{5A832347-F06F-44D6-A14D-A244D73E76AB}.Release|Any CPU.Build.0 = Release|Any CPU
		{5A832347-F06F-44D6-A14D-A244D73E76AB}.Release|x64.ActiveCfg = Release|Any CPU
		{5A832347-F06F-44D6-A14D-A244D73E76AB}.Release|x64.Build.0 = Release|Any CPU
		{5A832347-F06F-44D6-A14D-A244D73E76AB}.Release|x86.ActiveCfg = Release|Any CPU
		{5A832347-F06F-44D6-A14D-A244D73E76AB}.Release|x86.Build.0 = Release|Any CPU
		{C369729C-EC7F-44DD-8E69-72CE24D9DE97}.Debug|Any CPU.ActiveCfg = Debug|Any CPU
		{C369729C-EC7F-44DD-8E69-72CE24D9DE97}.Debug|Any CPU.Build.0 = Debug|Any CPU
		{C369729C-EC7F-44DD-8E69-72CE24D9DE97}.Debug|x64.ActiveCfg = Debug|Any CPU
		{C369729C-EC7F-44DD-8E69-72CE24D9DE97}.Debug|x64.Build.0 = Debug|Any CPU
		{C369729C-EC7F-44DD-8E69-72CE24D9DE97}.Debug|x86.ActiveCfg = Debug|Any CPU
		{C369729C-EC7F-44DD-8E69-72CE24D9DE97}.Debug|x86.Build.0 = Debug|Any CPU
		{C369729C-EC7F-44DD-8E69-72CE24D9DE97}.Release|Any CPU.ActiveCfg = Release|Any CPU
		{C369729C-EC7F-44DD-8E69-72CE24D9DE97}.Release|Any CPU.Build.0 = Release|Any CPU
		{C369729C-EC7F-44DD-8E69-72CE24D9DE97}.Release|x64.ActiveCfg = Release|Any CPU
		{C369729C-EC7F-44DD-8E69-72CE24D9DE97}.Release|x64.Build.0 = Release|Any CPU
		{C369729C-EC7F-44DD-8E69-72CE24D9DE97}.Release|x86.ActiveCfg = Release|Any CPU
		{C369729C-EC7F-44DD-8E69-72CE24D9DE97}.Release|x86.Build.0 = Release|Any CPU
		{834FC204-5ED6-44A1-BC7E-42A250B1177A}.Debug|Any CPU.ActiveCfg = Debug|Any CPU
		{834FC204-5ED6-44A1-BC7E-42A250B1177A}.Debug|Any CPU.Build.0 = Debug|Any CPU
		{834FC204-5ED6-44A1-BC7E-42A250B1177A}.Debug|x64.ActiveCfg = Debug|Any CPU
		{834FC204-5ED6-44A1-BC7E-42A250B1177A}.Debug|x64.Build.0 = Debug|Any CPU
		{834FC204-5ED6-44A1-BC7E-42A250B1177A}.Debug|x86.ActiveCfg = Debug|Any CPU
		{834FC204-5ED6-44A1-BC7E-42A250B1177A}.Debug|x86.Build.0 = Debug|Any CPU
		{834FC204-5ED6-44A1-BC7E-42A250B1177A}.Release|Any CPU.ActiveCfg = Release|Any CPU
		{834FC204-5ED6-44A1-BC7E-42A250B1177A}.Release|Any CPU.Build.0 = Release|Any CPU
		{834FC204-5ED6-44A1-BC7E-42A250B1177A}.Release|x64.ActiveCfg = Release|Any CPU
		{834FC204-5ED6-44A1-BC7E-42A250B1177A}.Release|x64.Build.0 = Release|Any CPU
		{834FC204-5ED6-44A1-BC7E-42A250B1177A}.Release|x86.ActiveCfg = Release|Any CPU
		{834FC204-5ED6-44A1-BC7E-42A250B1177A}.Release|x86.Build.0 = Release|Any CPU
		{93DF631E-9465-4052-9494-B137F6DE545F}.Debug|Any CPU.ActiveCfg = Debug|Any CPU
		{93DF631E-9465-4052-9494-B137F6DE545F}.Debug|Any CPU.Build.0 = Debug|Any CPU
		{93DF631E-9465-4052-9494-B137F6DE545F}.Debug|x64.ActiveCfg = Debug|Any CPU
		{93DF631E-9465-4052-9494-B137F6DE545F}.Debug|x64.Build.0 = Debug|Any CPU
		{93DF631E-9465-4052-9494-B137F6DE545F}.Debug|x86.ActiveCfg = Debug|Any CPU
		{93DF631E-9465-4052-9494-B137F6DE545F}.Debug|x86.Build.0 = Debug|Any CPU
		{93DF631E-9465-4052-9494-B137F6DE545F}.Release|Any CPU.ActiveCfg = Release|Any CPU
		{93DF631E-9465-4052-9494-B137F6DE545F}.Release|Any CPU.Build.0 = Release|Any CPU
		{93DF631E-9465-4052-9494-B137F6DE545F}.Release|x64.ActiveCfg = Release|Any CPU
		{93DF631E-9465-4052-9494-B137F6DE545F}.Release|x64.Build.0 = Release|Any CPU
		{93DF631E-9465-4052-9494-B137F6DE545F}.Release|x86.ActiveCfg = Release|Any CPU
		{93DF631E-9465-4052-9494-B137F6DE545F}.Release|x86.Build.0 = Release|Any CPU
		{14619AFA-E26D-4EE3-AA96-F033EE22D3B6}.Debug|Any CPU.ActiveCfg = Debug|Any CPU
		{14619AFA-E26D-4EE3-AA96-F033EE22D3B6}.Debug|Any CPU.Build.0 = Debug|Any CPU
		{14619AFA-E26D-4EE3-AA96-F033EE22D3B6}.Debug|x64.ActiveCfg = Debug|Any CPU
		{14619AFA-E26D-4EE3-AA96-F033EE22D3B6}.Debug|x64.Build.0 = Debug|Any CPU
		{14619AFA-E26D-4EE3-AA96-F033EE22D3B6}.Debug|x86.ActiveCfg = Debug|Any CPU
		{14619AFA-E26D-4EE3-AA96-F033EE22D3B6}.Debug|x86.Build.0 = Debug|Any CPU
		{14619AFA-E26D-4EE3-AA96-F033EE22D3B6}.Release|Any CPU.ActiveCfg = Release|Any CPU
		{14619AFA-E26D-4EE3-AA96-F033EE22D3B6}.Release|Any CPU.Build.0 = Release|Any CPU
		{14619AFA-E26D-4EE3-AA96-F033EE22D3B6}.Release|x64.ActiveCfg = Release|Any CPU
		{14619AFA-E26D-4EE3-AA96-F033EE22D3B6}.Release|x64.Build.0 = Release|Any CPU
		{14619AFA-E26D-4EE3-AA96-F033EE22D3B6}.Release|x86.ActiveCfg = Release|Any CPU
		{14619AFA-E26D-4EE3-AA96-F033EE22D3B6}.Release|x86.Build.0 = Release|Any CPU
		{C9F276AD-76AF-4E45-BE4B-2117773B88A3}.Debug|Any CPU.ActiveCfg = Debug|Any CPU
		{C9F276AD-76AF-4E45-BE4B-2117773B88A3}.Debug|Any CPU.Build.0 = Debug|Any CPU
		{C9F276AD-76AF-4E45-BE4B-2117773B88A3}.Debug|x64.ActiveCfg = Debug|Any CPU
		{C9F276AD-76AF-4E45-BE4B-2117773B88A3}.Debug|x64.Build.0 = Debug|Any CPU
		{C9F276AD-76AF-4E45-BE4B-2117773B88A3}.Debug|x86.ActiveCfg = Debug|Any CPU
		{C9F276AD-76AF-4E45-BE4B-2117773B88A3}.Debug|x86.Build.0 = Debug|Any CPU
		{C9F276AD-76AF-4E45-BE4B-2117773B88A3}.Release|Any CPU.ActiveCfg = Release|Any CPU
		{C9F276AD-76AF-4E45-BE4B-2117773B88A3}.Release|Any CPU.Build.0 = Release|Any CPU
		{C9F276AD-76AF-4E45-BE4B-2117773B88A3}.Release|x64.ActiveCfg = Release|Any CPU
		{C9F276AD-76AF-4E45-BE4B-2117773B88A3}.Release|x64.Build.0 = Release|Any CPU
		{C9F276AD-76AF-4E45-BE4B-2117773B88A3}.Release|x86.ActiveCfg = Release|Any CPU
		{C9F276AD-76AF-4E45-BE4B-2117773B88A3}.Release|x86.Build.0 = Release|Any CPU
		{33E5CCA3-2742-46FE-8CC4-8E9F02EE027F}.Debug|Any CPU.ActiveCfg = Debug|Any CPU
		{33E5CCA3-2742-46FE-8CC4-8E9F02EE027F}.Debug|Any CPU.Build.0 = Debug|Any CPU
		{33E5CCA3-2742-46FE-8CC4-8E9F02EE027F}.Debug|x64.ActiveCfg = Debug|Any CPU
		{33E5CCA3-2742-46FE-8CC4-8E9F02EE027F}.Debug|x64.Build.0 = Debug|Any CPU
		{33E5CCA3-2742-46FE-8CC4-8E9F02EE027F}.Debug|x86.ActiveCfg = Debug|Any CPU
		{33E5CCA3-2742-46FE-8CC4-8E9F02EE027F}.Debug|x86.Build.0 = Debug|Any CPU
		{33E5CCA3-2742-46FE-8CC4-8E9F02EE027F}.Release|Any CPU.ActiveCfg = Release|Any CPU
		{33E5CCA3-2742-46FE-8CC4-8E9F02EE027F}.Release|Any CPU.Build.0 = Release|Any CPU
		{33E5CCA3-2742-46FE-8CC4-8E9F02EE027F}.Release|x64.ActiveCfg = Release|Any CPU
		{33E5CCA3-2742-46FE-8CC4-8E9F02EE027F}.Release|x64.Build.0 = Release|Any CPU
		{33E5CCA3-2742-46FE-8CC4-8E9F02EE027F}.Release|x86.ActiveCfg = Release|Any CPU
		{33E5CCA3-2742-46FE-8CC4-8E9F02EE027F}.Release|x86.Build.0 = Release|Any CPU
		{BF7973D9-B212-42C1-B8BC-6A101D265013}.Debug|Any CPU.ActiveCfg = Debug|Any CPU
		{BF7973D9-B212-42C1-B8BC-6A101D265013}.Debug|Any CPU.Build.0 = Debug|Any CPU
		{BF7973D9-B212-42C1-B8BC-6A101D265013}.Debug|x64.ActiveCfg = Debug|Any CPU
		{BF7973D9-B212-42C1-B8BC-6A101D265013}.Debug|x64.Build.0 = Debug|Any CPU
		{BF7973D9-B212-42C1-B8BC-6A101D265013}.Debug|x86.ActiveCfg = Debug|Any CPU
		{BF7973D9-B212-42C1-B8BC-6A101D265013}.Debug|x86.Build.0 = Debug|Any CPU
		{BF7973D9-B212-42C1-B8BC-6A101D265013}.Release|Any CPU.ActiveCfg = Release|Any CPU
		{BF7973D9-B212-42C1-B8BC-6A101D265013}.Release|Any CPU.Build.0 = Release|Any CPU
		{BF7973D9-B212-42C1-B8BC-6A101D265013}.Release|x64.ActiveCfg = Release|Any CPU
		{BF7973D9-B212-42C1-B8BC-6A101D265013}.Release|x64.Build.0 = Release|Any CPU
		{BF7973D9-B212-42C1-B8BC-6A101D265013}.Release|x86.ActiveCfg = Release|Any CPU
		{BF7973D9-B212-42C1-B8BC-6A101D265013}.Release|x86.Build.0 = Release|Any CPU
		{A9FAB8D1-3D88-484A-BAE7-157AFAC52D4F}.Debug|Any CPU.ActiveCfg = Debug|Any CPU
		{A9FAB8D1-3D88-484A-BAE7-157AFAC52D4F}.Debug|Any CPU.Build.0 = Debug|Any CPU
		{A9FAB8D1-3D88-484A-BAE7-157AFAC52D4F}.Debug|x64.ActiveCfg = Debug|Any CPU
		{A9FAB8D1-3D88-484A-BAE7-157AFAC52D4F}.Debug|x64.Build.0 = Debug|Any CPU
		{A9FAB8D1-3D88-484A-BAE7-157AFAC52D4F}.Debug|x86.ActiveCfg = Debug|Any CPU
		{A9FAB8D1-3D88-484A-BAE7-157AFAC52D4F}.Debug|x86.Build.0 = Debug|Any CPU
		{A9FAB8D1-3D88-484A-BAE7-157AFAC52D4F}.Release|Any CPU.ActiveCfg = Release|Any CPU
		{A9FAB8D1-3D88-484A-BAE7-157AFAC52D4F}.Release|Any CPU.Build.0 = Release|Any CPU
		{A9FAB8D1-3D88-484A-BAE7-157AFAC52D4F}.Release|x64.ActiveCfg = Release|Any CPU
		{A9FAB8D1-3D88-484A-BAE7-157AFAC52D4F}.Release|x64.Build.0 = Release|Any CPU
		{A9FAB8D1-3D88-484A-BAE7-157AFAC52D4F}.Release|x86.ActiveCfg = Release|Any CPU
		{A9FAB8D1-3D88-484A-BAE7-157AFAC52D4F}.Release|x86.Build.0 = Release|Any CPU
		{D3D77432-C4B4-40BD-BFF2-FFC3572006AC}.Debug|Any CPU.ActiveCfg = Debug|Any CPU
		{D3D77432-C4B4-40BD-BFF2-FFC3572006AC}.Debug|Any CPU.Build.0 = Debug|Any CPU
		{D3D77432-C4B4-40BD-BFF2-FFC3572006AC}.Debug|x64.ActiveCfg = Debug|Any CPU
		{D3D77432-C4B4-40BD-BFF2-FFC3572006AC}.Debug|x64.Build.0 = Debug|Any CPU
		{D3D77432-C4B4-40BD-BFF2-FFC3572006AC}.Debug|x86.ActiveCfg = Debug|Any CPU
		{D3D77432-C4B4-40BD-BFF2-FFC3572006AC}.Debug|x86.Build.0 = Debug|Any CPU
		{D3D77432-C4B4-40BD-BFF2-FFC3572006AC}.Release|Any CPU.ActiveCfg = Release|Any CPU
		{D3D77432-C4B4-40BD-BFF2-FFC3572006AC}.Release|Any CPU.Build.0 = Release|Any CPU
		{D3D77432-C4B4-40BD-BFF2-FFC3572006AC}.Release|x64.ActiveCfg = Release|Any CPU
		{D3D77432-C4B4-40BD-BFF2-FFC3572006AC}.Release|x64.Build.0 = Release|Any CPU
		{D3D77432-C4B4-40BD-BFF2-FFC3572006AC}.Release|x86.ActiveCfg = Release|Any CPU
		{D3D77432-C4B4-40BD-BFF2-FFC3572006AC}.Release|x86.Build.0 = Release|Any CPU
		{23F94A6F-E870-410B-84B3-008E0B58DA17}.Debug|Any CPU.ActiveCfg = Debug|Any CPU
		{23F94A6F-E870-410B-84B3-008E0B58DA17}.Debug|Any CPU.Build.0 = Debug|Any CPU
		{23F94A6F-E870-410B-84B3-008E0B58DA17}.Debug|x64.ActiveCfg = Debug|Any CPU
		{23F94A6F-E870-410B-84B3-008E0B58DA17}.Debug|x64.Build.0 = Debug|Any CPU
		{23F94A6F-E870-410B-84B3-008E0B58DA17}.Debug|x86.ActiveCfg = Debug|Any CPU
		{23F94A6F-E870-410B-84B3-008E0B58DA17}.Debug|x86.Build.0 = Debug|Any CPU
		{23F94A6F-E870-410B-84B3-008E0B58DA17}.Release|Any CPU.ActiveCfg = Release|Any CPU
		{23F94A6F-E870-410B-84B3-008E0B58DA17}.Release|Any CPU.Build.0 = Release|Any CPU
		{23F94A6F-E870-410B-84B3-008E0B58DA17}.Release|x64.ActiveCfg = Release|Any CPU
		{23F94A6F-E870-410B-84B3-008E0B58DA17}.Release|x64.Build.0 = Release|Any CPU
		{23F94A6F-E870-410B-84B3-008E0B58DA17}.Release|x86.ActiveCfg = Release|Any CPU
		{23F94A6F-E870-410B-84B3-008E0B58DA17}.Release|x86.Build.0 = Release|Any CPU
	EndGlobalSection
	GlobalSection(SolutionProperties) = preSolution
		HideSolutionNode = FALSE
	EndGlobalSection
	GlobalSection(NestedProjects) = preSolution
		{5A832347-F06F-44D6-A14D-A244D73E76AB} = {827E0CD3-B72D-47B6-A68D-7590B98EB39B}
		{C369729C-EC7F-44DD-8E69-72CE24D9DE97} = {827E0CD3-B72D-47B6-A68D-7590B98EB39B}
		{834FC204-5ED6-44A1-BC7E-42A250B1177A} = {827E0CD3-B72D-47B6-A68D-7590B98EB39B}
		{93DF631E-9465-4052-9494-B137F6DE545F} = {827E0CD3-B72D-47B6-A68D-7590B98EB39B}
		{14619AFA-E26D-4EE3-AA96-F033EE22D3B6} = {827E0CD3-B72D-47B6-A68D-7590B98EB39B}
		{C9F276AD-76AF-4E45-BE4B-2117773B88A3} = {827E0CD3-B72D-47B6-A68D-7590B98EB39B}
		{33E5CCA3-2742-46FE-8CC4-8E9F02EE027F} = {827E0CD3-B72D-47B6-A68D-7590B98EB39B}
		{BF7973D9-B212-42C1-B8BC-6A101D265013} = {827E0CD3-B72D-47B6-A68D-7590B98EB39B}
		{A9FAB8D1-3D88-484A-BAE7-157AFAC52D4F} = {827E0CD3-B72D-47B6-A68D-7590B98EB39B}
		{D3D77432-C4B4-40BD-BFF2-FFC3572006AC} = {0AB3BF05-4346-4AA6-1389-037BE0695223}
		{23F94A6F-E870-410B-84B3-008E0B58DA17} = {827E0CD3-B72D-47B6-A68D-7590B98EB39B}
	EndGlobalSection
EndGlobal
